
Microsoft Visual Studio Solution File, Format Version 12.00
Project("{FAE04EC0-301F-11D3-BF4B-00C04F79EFBC}") = "Laboratorium2.Zadanie2.NET", "Laboratorium2.Zadanie2.NET\Laboratorium2.Zadanie2.NET.csproj", "{515B7074-E209-457B-8358-FC05952CC5DC}"
EndProject
Global
	GlobalSection(SolutionConfigurationPlatforms) = preSolution
		Debug|Any CPU = Debug|Any CPU
		Release|Any CPU = Release|Any CPU
	EndGlobalSection
	GlobalSection(ProjectConfigurationPlatforms) = postSolution
		{515B7074-E209-457B-8358-FC05952CC5DC}.Debug|Any CPU.ActiveCfg = Debug|Any CPU
		{515B7074-E209-457B-8358-FC05952CC5DC}.Debug|Any CPU.Build.0 = Debug|Any CPU
		{515B7074-E209-457B-8358-FC05952CC5DC}.Release|Any CPU.ActiveCfg = Release|Any CPU
		{515B7074-E209-457B-8358-FC05952CC5DC}.Release|Any CPU.Build.0 = Release|Any CPU
	EndGlobalSection
EndGlobal
